
Microsoft Visual Studio Solution File, Format Version 12.00
# Visual Studio 15
VisualStudioVersion = 15.0.28307.1831
MinimumVisualStudioVersion = 10.0.40219.1
Project("{FAE04EC0-301F-11D3-BF4B-00C04F79EFBC}") = "ClienteSoap", "ClienteSoap\ClienteSoap.csproj", "{1EC0EC8A-F406-4580-8B61-A5B2335CEFB0}"
EndProject
Global
	GlobalSection(SolutionConfigurationPlatforms) = preSolution
		Debug|Any CPU = Debug|Any CPU
		Release|Any CPU = Release|Any CPU
	EndGlobalSection
	GlobalSection(ProjectConfigurationPlatforms) = postSolution
		{1EC0EC8A-F406-4580-8B61-A5B2335CEFB0}.Debug|Any CPU.ActiveCfg = Debug|Any CPU
		{1EC0EC8A-F406-4580-8B61-A5B2335CEFB0}.Debug|Any CPU.Build.0 = Debug|Any CPU
		{1EC0EC8A-F406-4580-8B61-A5B2335CEFB0}.Release|Any CPU.ActiveCfg = Release|Any CPU
		{1EC0EC8A-F406-4580-8B61-A5B2335CEFB0}.Release|Any CPU.Build.0 = Release|Any CPU
	EndGlobalSection
	GlobalSection(SolutionProperties) = preSolution
		HideSolutionNode = FALSE
	EndGlobalSection
	GlobalSection(ExtensibilityGlobals) = postSolution
		SolutionGuid = {612A1463-8EF0-42DB-9BA7-7B19026D4235}
	EndGlobalSection
EndGlobal
